// !$*UTF8*$!
{
	archiveVersion = 1;
	classes = {
	};
	objectVersion = 46;
	objects = {

/* Begin PBXBuildFile section */
		361771901A7B25B500D8F8B2 /* MLRotatePresentControllerAnimator.m in Sources */ = {isa = PBXBuildFile; fileRef = 361771821A7B25B500D8F8B2 /* MLRotatePresentControllerAnimator.m */; };
		361771911A7B25B500D8F8B2 /* MLPresentController.m in Sources */ = {isa = PBXBuildFile; fileRef = 361771851A7B25B500D8F8B2 /* MLPresentController.m */; };
		361771921A7B25B500D8F8B2 /* MLPresentControllerAnimator.m in Sources */ = {isa = PBXBuildFile; fileRef = 361771871A7B25B500D8F8B2 /* MLPresentControllerAnimator.m */; };
		361771931A7B25B500D8F8B2 /* MLPresentControllerInteractiveTransition.m in Sources */ = {isa = PBXBuildFile; fileRef = 361771891A7B25B500D8F8B2 /* MLPresentControllerInteractiveTransition.m */; };
		361771941A7B25B500D8F8B2 /* MLPresentView.m in Sources */ = {isa = PBXBuildFile; fileRef = 3617718B1A7B25B500D8F8B2 /* MLPresentView.m */; };
		361771951A7B25B500D8F8B2 /* UIView+FixIOS7BugForMLPresentController.m in Sources */ = {isa = PBXBuildFile; fileRef = 3617718D1A7B25B500D8F8B2 /* UIView+FixIOS7BugForMLPresentController.m */; };
		361771961A7B25B500D8F8B2 /* UIViewController+MLPresentController.m in Sources */ = {isa = PBXBuildFile; fileRef = 3617718F1A7B25B500D8F8B2 /* UIViewController+MLPresentController.m */; };
		361771991A7B25CF00D8F8B2 /* UIView+Convenience.m in Sources */ = {isa = PBXBuildFile; fileRef = 361771981A7B25CF00D8F8B2 /* UIView+Convenience.m */; };
		3617719F1A7B291B00D8F8B2 /* PresentedViewController2.m in Sources */ = {isa = PBXBuildFile; fileRef = 3617719E1A7B291B00D8F8B2 /* PresentedViewController2.m */; };
		36537B4A1A529F390006DBE0 /* PresentedViewController.m in Sources */ = {isa = PBXBuildFile; fileRef = 36537B491A529F390006DBE0 /* PresentedViewController.m */; };
		36537B4F1A52D95B0006DBE0 /* MLPresentController.gif in Resources */ = {isa = PBXBuildFile; fileRef = 36537B4E1A52D95B0006DBE0 /* MLPresentController.gif */; };
		36704ED31A529AEE00F49044 /* main.m in Sources */ = {isa = PBXBuildFile; fileRef = 36704ED21A529AEE00F49044 /* main.m */; };
		36704ED61A529AEE00F49044 /* AppDelegate.m in Sources */ = {isa = PBXBuildFile; fileRef = 36704ED51A529AEE00F49044 /* AppDelegate.m */; };
		36704ED91A529AEE00F49044 /* ViewController.m in Sources */ = {isa = PBXBuildFile; fileRef = 36704ED81A529AEE00F49044 /* ViewController.m */; };
		36704EDE1A529AEE00F49044 /* Images.xcassets in Resources */ = {isa = PBXBuildFile; fileRef = 36704EDD1A529AEE00F49044 /* Images.xcassets */; };
		36704EE11A529AEE00F49044 /* LaunchScreen.xib in Resources */ = {isa = PBXBuildFile; fileRef = 36704EDF1A529AEE00F49044 /* LaunchScreen.xib */; };
		36704EED1A529AEE00F49044 /* MLPresentControllerTests.m in Sources */ = {isa = PBXBuildFile; fileRef = 36704EEC1A529AEE00F49044 /* MLPresentControllerTests.m */; };
/* End PBXBuildFile section */

/* Begin PBXContainerItemProxy section */
		36704EE71A529AEE00F49044 /* PBXContainerItemProxy */ = {
			isa = PBXContainerItemProxy;
			containerPortal = 36704EC51A529AEE00F49044 /* Project object */;
			proxyType = 1;
			remoteGlobalIDString = 36704ECC1A529AEE00F49044;
			remoteInfo = MLPresentController;
		};
/* End PBXContainerItemProxy section */

/* Begin PBXFileReference section */
		361771811A7B25B500D8F8B2 /* MLRotatePresentControllerAnimator.h */ = {isa = PBXFileReference; fileEncoding = 4; lastKnownFileType = sourcecode.c.h; path = MLRotatePresentControllerAnimator.h; sourceTree = "<group>"; };
		361771821A7B25B500D8F8B2 /* MLRotatePresentControllerAnimator.m */ = {isa = PBXFileReference; fileEncoding = 4; lastKnownFileType = sourcecode.c.objc; path = MLRotatePresentControllerAnimator.m; sourceTree = "<group>"; };
		361771831A7B25B500D8F8B2 /* MLPresentController+PrivatePropertyAndMethod.h */ = {isa = PBXFileReference; fileEncoding = 4; lastKnownFileType = sourcecode.c.h; path = "MLPresentController+PrivatePropertyAndMethod.h"; sourceTree = "<group>"; };
		361771841A7B25B500D8F8B2 /* MLPresentController.h */ = {isa = PBXFileReference; fileEncoding = 4; lastKnownFileType = sourcecode.c.h; path = MLPresentController.h; sourceTree = "<group>"; };
		361771851A7B25B500D8F8B2 /* MLPresentController.m */ = {isa = PBXFileReference; fileEncoding = 4; lastKnownFileType = sourcecode.c.objc; path = MLPresentController.m; sourceTree = "<group>"; };
		361771861A7B25B500D8F8B2 /* MLPresentControllerAnimator.h */ = {isa = PBXFileReference; fileEncoding = 4; lastKnownFileType = sourcecode.c.h; path = MLPresentControllerAnimator.h; sourceTree = "<group>"; };
		361771871A7B25B500D8F8B2 /* MLPresentControllerAnimator.m */ = {isa = PBXFileReference; fileEncoding = 4; lastKnownFileType = sourcecode.c.objc; path = MLPresentControllerAnimator.m; sourceTree = "<group>"; };
		361771881A7B25B500D8F8B2 /* MLPresentControllerInteractiveTransition.h */ = {isa = PBXFileReference; fileEncoding = 4; lastKnownFileType = sourcecode.c.h; path = MLPresentControllerInteractiveTransition.h; sourceTree = "<group>"; };
		361771891A7B25B500D8F8B2 /* MLPresentControllerInteractiveTransition.m */ = {isa = PBXFileReference; fileEncoding = 4; lastKnownFileType = sourcecode.c.objc; path = MLPresentControllerInteractiveTransition.m; sourceTree = "<group>"; };
		3617718A1A7B25B500D8F8B2 /* MLPresentView.h */ = {isa = PBXFileReference; fileEncoding = 4; lastKnownFileType = sourcecode.c.h; path = MLPresentView.h; sourceTree = "<group>"; };
		3617718B1A7B25B500D8F8B2 /* MLPresentView.m */ = {isa = PBXFileReference; fileEncoding = 4; lastKnownFileType = sourcecode.c.objc; path = MLPresentView.m; sourceTree = "<group>"; };
		3617718C1A7B25B500D8F8B2 /* UIView+FixIOS7BugForMLPresentController.h */ = {isa = PBXFileReference; fileEncoding = 4; lastKnownFileType = sourcecode.c.h; path = "UIView+FixIOS7BugForMLPresentController.h"; sourceTree = "<group>"; };
		3617718D1A7B25B500D8F8B2 /* UIView+FixIOS7BugForMLPresentController.m */ = {isa = PBXFileReference; fileEncoding = 4; lastKnownFileType = sourcecode.c.objc; path = "UIView+FixIOS7BugForMLPresentController.m"; sourceTree = "<group>"; };
		3617718E1A7B25B500D8F8B2 /* UIViewController+MLPresentController.h */ = {isa = PBXFileReference; fileEncoding = 4; lastKnownFileType = sourcecode.c.h; path = "UIViewController+MLPresentController.h"; sourceTree = "<group>"; };
		3617718F1A7B25B500D8F8B2 /* UIViewController+MLPresentController.m */ = {isa = PBXFileReference; fileEncoding = 4; lastKnownFileType = sourcecode.c.objc; path = "UIViewController+MLPresentController.m"; sourceTree = "<group>"; };
		361771971A7B25CF00D8F8B2 /* UIView+Convenience.h */ = {isa = PBXFileReference; fileEncoding = 4; lastKnownFileType = sourcecode.c.h; path = "UIView+Convenience.h"; sourceTree = "<group>"; };
		361771981A7B25CF00D8F8B2 /* UIView+Convenience.m */ = {isa = PBXFileReference; fileEncoding = 4; lastKnownFileType = sourcecode.c.objc; path = "UIView+Convenience.m"; sourceTree = "<group>"; };
		3617719D1A7B291B00D8F8B2 /* PresentedViewController2.h */ = {isa = PBXFileReference; fileEncoding = 4; lastKnownFileType = sourcecode.c.h; path = PresentedViewController2.h; sourceTree = "<group>"; };
		3617719E1A7B291B00D8F8B2 /* PresentedViewController2.m */ = {isa = PBXFileReference; fileEncoding = 4; lastKnownFileType = sourcecode.c.objc; path = PresentedViewController2.m; sourceTree = "<group>"; };
		36537B481A529F390006DBE0 /* PresentedViewController.h */ = {isa = PBXFileReference; fileEncoding = 4; lastKnownFileType = sourcecode.c.h; path = PresentedViewController.h; sourceTree = "<group>"; };
		36537B491A529F390006DBE0 /* PresentedViewController.m */ = {isa = PBXFileReference; fileEncoding = 4; lastKnownFileType = sourcecode.c.objc; path = PresentedViewController.m; sourceTree = "<group>"; };
		36537B4E1A52D95B0006DBE0 /* MLPresentController.gif */ = {isa = PBXFileReference; lastKnownFileType = image.gif; path = MLPresentController.gif; sourceTree = "<group>"; };
		36704ECD1A529AEE00F49044 /* MLPresentController.app */ = {isa = PBXFileReference; explicitFileType = wrapper.application; includeInIndex = 0; path = MLPresentController.app; sourceTree = BUILT_PRODUCTS_DIR; };
		36704ED11A529AEE00F49044 /* Info.plist */ = {isa = PBXFileReference; lastKnownFileType = text.plist.xml; path = Info.plist; sourceTree = "<group>"; };
		36704ED21A529AEE00F49044 /* main.m */ = {isa = PBXFileReference; lastKnownFileType = sourcecode.c.objc; path = main.m; sourceTree = "<group>"; };
		36704ED41A529AEE00F49044 /* AppDelegate.h */ = {isa = PBXFileReference; lastKnownFileType = sourcecode.c.h; path = AppDelegate.h; sourceTree = "<group>"; };
		36704ED51A529AEE00F49044 /* AppDelegate.m */ = {isa = PBXFileReference; lastKnownFileType = sourcecode.c.objc; path = AppDelegate.m; sourceTree = "<group>"; };
		36704ED71A529AEE00F49044 /* ViewController.h */ = {isa = PBXFileReference; lastKnownFileType = sourcecode.c.h; path = ViewController.h; sourceTree = "<group>"; };
		36704ED81A529AEE00F49044 /* ViewController.m */ = {isa = PBXFileReference; lastKnownFileType = sourcecode.c.objc; path = ViewController.m; sourceTree = "<group>"; };
		36704EDD1A529AEE00F49044 /* Images.xcassets */ = {isa = PBXFileReference; lastKnownFileType = folder.assetcatalog; path = Images.xcassets; sourceTree = "<group>"; };
		36704EE01A529AEE00F49044 /* Base */ = {isa = PBXFileReference; lastKnownFileType = file.xib; name = Base; path = Base.lproj/LaunchScreen.xib; sourceTree = "<group>"; };
		36704EE61A529AEE00F49044 /* MLPresentControllerTests.xctest */ = {isa = PBXFileReference; explicitFileType = wrapper.cfbundle; includeInIndex = 0; path = MLPresentControllerTests.xctest; sourceTree = BUILT_PRODUCTS_DIR; };
		36704EEB1A529AEE00F49044 /* Info.plist */ = {isa = PBXFileReference; lastKnownFileType = text.plist.xml; path = Info.plist; sourceTree = "<group>"; };
		36704EEC1A529AEE00F49044 /* MLPresentControllerTests.m */ = {isa = PBXFileReference; lastKnownFileType = sourcecode.c.objc; path = MLPresentControllerTests.m; sourceTree = "<group>"; };
/* End PBXFileReference section */

/* Begin PBXFrameworksBuildPhase section */
		36704ECA1A529AEE00F49044 /* Frameworks */ = {
			isa = PBXFrameworksBuildPhase;
			buildActionMask = 2147483647;
			files = (
			);
			runOnlyForDeploymentPostprocessing = 0;
		};
		36704EE31A529AEE00F49044 /* Frameworks */ = {
			isa = PBXFrameworksBuildPhase;
			buildActionMask = 2147483647;
			files = (
			);
			runOnlyForDeploymentPostprocessing = 0;
		};
/* End PBXFrameworksBuildPhase section */

/* Begin PBXGroup section */
		3617717F1A7B25B500D8F8B2 /* MLPresentController */ = {
			isa = PBXGroup;
			children = (
				361771971A7B25CF00D8F8B2 /* UIView+Convenience.h */,
				361771981A7B25CF00D8F8B2 /* UIView+Convenience.m */,
				361771801A7B25B500D8F8B2 /* Animator */,
				361771831A7B25B500D8F8B2 /* MLPresentController+PrivatePropertyAndMethod.h */,
				361771841A7B25B500D8F8B2 /* MLPresentController.h */,
				361771851A7B25B500D8F8B2 /* MLPresentController.m */,
				361771861A7B25B500D8F8B2 /* MLPresentControllerAnimator.h */,
				361771871A7B25B500D8F8B2 /* MLPresentControllerAnimator.m */,
				361771881A7B25B500D8F8B2 /* MLPresentControllerInteractiveTransition.h */,
				361771891A7B25B500D8F8B2 /* MLPresentControllerInteractiveTransition.m */,
				3617718A1A7B25B500D8F8B2 /* MLPresentView.h */,
				3617718B1A7B25B500D8F8B2 /* MLPresentView.m */,
				3617718C1A7B25B500D8F8B2 /* UIView+FixIOS7BugForMLPresentController.h */,
				3617718D1A7B25B500D8F8B2 /* UIView+FixIOS7BugForMLPresentController.m */,
				3617718E1A7B25B500D8F8B2 /* UIViewController+MLPresentController.h */,
				3617718F1A7B25B500D8F8B2 /* UIViewController+MLPresentController.m */,
			);
			path = MLPresentController;
			sourceTree = "<group>";
		};
		361771801A7B25B500D8F8B2 /* Animator */ = {
			isa = PBXGroup;
			children = (
				361771811A7B25B500D8F8B2 /* MLRotatePresentControllerAnimator.h */,
				361771821A7B25B500D8F8B2 /* MLRotatePresentControllerAnimator.m */,
			);
			path = Animator;
			sourceTree = "<group>";
		};
		36704EC41A529AEE00F49044 = {
			isa = PBXGroup;
			children = (
				36537B4E1A52D95B0006DBE0 /* MLPresentController.gif */,
				36704ECF1A529AEE00F49044 /* MLPresentController */,
				36704EE91A529AEE00F49044 /* MLPresentControllerTests */,
				36704ECE1A529AEE00F49044 /* Products */,
			);
			sourceTree = "<group>";
		};
		36704ECE1A529AEE00F49044 /* Products */ = {
			isa = PBXGroup;
			children = (
				36704ECD1A529AEE00F49044 /* MLPresentController.app */,
				36704EE61A529AEE00F49044 /* MLPresentControllerTests.xctest */,
			);
			name = Products;
			sourceTree = "<group>";
		};
		36704ECF1A529AEE00F49044 /* MLPresentController */ = {
			isa = PBXGroup;
			children = (
				3617717F1A7B25B500D8F8B2 /* MLPresentController */,
				36537B481A529F390006DBE0 /* PresentedViewController.h */,
				36537B491A529F390006DBE0 /* PresentedViewController.m */,
				3617719D1A7B291B00D8F8B2 /* PresentedViewController2.h */,
				3617719E1A7B291B00D8F8B2 /* PresentedViewController2.m */,
				36704ED41A529AEE00F49044 /* AppDelegate.h */,
				36704ED51A529AEE00F49044 /* AppDelegate.m */,
				36704ED71A529AEE00F49044 /* ViewController.h */,
				36704ED81A529AEE00F49044 /* ViewController.m */,
				36704EDD1A529AEE00F49044 /* Images.xcassets */,
				36704EDF1A529AEE00F49044 /* LaunchScreen.xib */,
				36704ED01A529AEE00F49044 /* Supporting Files */,
			);
			path = MLPresentController;
			sourceTree = "<group>";
		};
		36704ED01A529AEE00F49044 /* Supporting Files */ = {
			isa = PBXGroup;
			children = (
				36704ED11A529AEE00F49044 /* Info.plist */,
				36704ED21A529AEE00F49044 /* main.m */,
			);
			name = "Supporting Files";
			sourceTree = "<group>";
		};
		36704EE91A529AEE00F49044 /* MLPresentControllerTests */ = {
			isa = PBXGroup;
			children = (
				36704EEC1A529AEE00F49044 /* MLPresentControllerTests.m */,
				36704EEA1A529AEE00F49044 /* Supporting Files */,
			);
			path = MLPresentControllerTests;
			sourceTree = "<group>";
		};
		36704EEA1A529AEE00F49044 /* Supporting Files */ = {
			isa = PBXGroup;
			children = (
				36704EEB1A529AEE00F49044 /* Info.plist */,
			);
			name = "Supporting Files";
			sourceTree = "<group>";
		};
/* End PBXGroup section */

/* Begin PBXNativeTarget section */
		36704ECC1A529AEE00F49044 /* MLPresentController */ = {
			isa = PBXNativeTarget;
			buildConfigurationList = 36704EF01A529AEE00F49044 /* Build configuration list for PBXNativeTarget "MLPresentController" */;
			buildPhases = (
				36704EC91A529AEE00F49044 /* Sources */,
				36704ECA1A529AEE00F49044 /* Frameworks */,
				36704ECB1A529AEE00F49044 /* Resources */,
			);
			buildRules = (
			);
			dependencies = (
			);
			name = MLPresentController;
			productName = MLPresentController;
			productReference = 36704ECD1A529AEE00F49044 /* MLPresentController.app */;
			productType = "com.apple.product-type.application";
		};
		36704EE51A529AEE00F49044 /* MLPresentControllerTests */ = {
			isa = PBXNativeTarget;
			buildConfigurationList = 36704EF31A529AEE00F49044 /* Build configuration list for PBXNativeTarget "MLPresentControllerTests" */;
			buildPhases = (
				36704EE21A529AEE00F49044 /* Sources */,
				36704EE31A529AEE00F49044 /* Frameworks */,
				36704EE41A529AEE00F49044 /* Resources */,
			);
			buildRules = (
			);
			dependencies = (
				36704EE81A529AEE00F49044 /* PBXTargetDependency */,
			);
			name = MLPresentControllerTests;
			productName = MLPresentControllerTests;
			productReference = 36704EE61A529AEE00F49044 /* MLPresentControllerTests.xctest */;
			productType = "com.apple.product-type.bundle.unit-test";
		};
/* End PBXNativeTarget section */

/* Begin PBXProject section */
		36704EC51A529AEE00F49044 /* Project object */ = {
			isa = PBXProject;
			attributes = {
				LastUpgradeCheck = 0610;
				ORGANIZATIONNAME = molon;
				TargetAttributes = {
					36704ECC1A529AEE00F49044 = {
						CreatedOnToolsVersion = 6.1;
					};
					36704EE51A529AEE00F49044 = {
						CreatedOnToolsVersion = 6.1;
						TestTargetID = 36704ECC1A529AEE00F49044;
					};
				};
			};
			buildConfigurationList = 36704EC81A529AEE00F49044 /* Build configuration list for PBXProject "MLPresentController" */;
			compatibilityVersion = "Xcode 3.2";
			developmentRegion = English;
			hasScannedForEncodings = 0;
			knownRegions = (
				en,
				Base,
			);
			mainGroup = 36704EC41A529AEE00F49044;
			productRefGroup = 36704ECE1A529AEE00F49044 /* Products */;
			projectDirPath = "";
			projectRoot = "";
			targets = (
				36704ECC1A529AEE00F49044 /* MLPresentController */,
				36704EE51A529AEE00F49044 /* MLPresentControllerTests */,
			);
		};
/* End PBXProject section */

/* Begin PBXResourcesBuildPhase section */
		36704ECB1A529AEE00F49044 /* Resources */ = {
			isa = PBXResourcesBuildPhase;
			buildActionMask = 2147483647;
			files = (
				36704EE11A529AEE00F49044 /* LaunchScreen.xib in Resources */,
				36537B4F1A52D95B0006DBE0 /* MLPresentController.gif in Resources */,
				36704EDE1A529AEE00F49044 /* Images.xcassets in Resources */,
			);
			runOnlyForDeploymentPostprocessing = 0;
		};
		36704EE41A529AEE00F49044 /* Resources */ = {
			isa = PBXResourcesBuildPhase;
			buildActionMask = 2147483647;
			files = (
			);
			runOnlyForDeploymentPostprocessing = 0;
		};
/* End PBXResourcesBuildPhase section */

/* Begin PBXSourcesBuildPhase section */
		36704EC91A529AEE00F49044 /* Sources */ = {
			isa = PBXSourcesBuildPhase;
			buildActionMask = 2147483647;
			files = (
				3617719F1A7B291B00D8F8B2 /* PresentedViewController2.m in Sources */,
				361771991A7B25CF00D8F8B2 /* UIView+Convenience.m in Sources */,
				361771911A7B25B500D8F8B2 /* MLPresentController.m in Sources */,
				361771921A7B25B500D8F8B2 /* MLPresentControllerAnimator.m in Sources */,
				361771961A7B25B500D8F8B2 /* UIViewController+MLPresentController.m in Sources */,
				361771941A7B25B500D8F8B2 /* MLPresentView.m in Sources */,
				36537B4A1A529F390006DBE0 /* PresentedViewController.m in Sources */,
				36704ED91A529AEE00F49044 /* ViewController.m in Sources */,
				361771931A7B25B500D8F8B2 /* MLPresentControllerInteractiveTransition.m in Sources */,
				361771951A7B25B500D8F8B2 /* UIView+FixIOS7BugForMLPresentController.m in Sources */,
				361771901A7B25B500D8F8B2 /* MLRotatePresentControllerAnimator.m in Sources */,
				36704ED61A529AEE00F49044 /* AppDelegate.m in Sources */,
				36704ED31A529AEE00F49044 /* main.m in Sources */,
			);
			runOnlyForDeploymentPostprocessing = 0;
		};
		36704EE21A529AEE00F49044 /* Sources */ = {
			isa = PBXSourcesBuildPhase;
			buildActionMask = 2147483647;
			files = (
				36704EED1A529AEE00F49044 /* MLPresentControllerTests.m in Sources */,
			);
			runOnlyForDeploymentPostprocessing = 0;
		};
/* End PBXSourcesBuildPhase section */

/* Begin PBXTargetDependency section */
		36704EE81A529AEE00F49044 /* PBXTargetDependency */ = {
			isa = PBXTargetDependency;
			target = 36704ECC1A529AEE00F49044 /* MLPresentController */;
			targetProxy = 36704EE71A529AEE00F49044 /* PBXContainerItemProxy */;
		};
/* End PBXTargetDependency section */

/* Begin PBXVariantGroup section */
		36704EDF1A529AEE00F49044 /* LaunchScreen.xib */ = {
			isa = PBXVariantGroup;
			children = (
				36704EE01A529AEE00F49044 /* Base */,
			);
			name = LaunchScreen.xib;
			sourceTree = "<group>";
		};
/* End PBXVariantGroup section */

/* Begin XCBuildConfiguration section */
		36704EEE1A529AEE00F49044 /* Debug */ = {
			isa = XCBuildConfiguration;
			buildSettings = {
				ALWAYS_SEARCH_USER_PATHS = NO;
				CLANG_CXX_LANGUAGE_STANDARD = "gnu++0x";
				CLANG_CXX_LIBRARY = "libc++";
				CLANG_ENABLE_MODULES = YES;
				CLANG_ENABLE_OBJC_ARC = YES;
				CLANG_WARN_BOOL_CONVERSION = YES;
				CLANG_WARN_CONSTANT_CONVERSION = YES;
				CLANG_WARN_DIRECT_OBJC_ISA_USAGE = YES_ERROR;
				CLANG_WARN_EMPTY_BODY = YES;
				CLANG_WARN_ENUM_CONVERSION = YES;
				CLANG_WARN_INT_CONVERSION = YES;
				CLANG_WARN_OBJC_ROOT_CLASS = YES_ERROR;
				CLANG_WARN_UNREACHABLE_CODE = YES;
				CLANG_WARN__DUPLICATE_METHOD_MATCH = YES;
				"CODE_SIGN_IDENTITY[sdk=iphoneos*]" = "iPhone Developer";
				COPY_PHASE_STRIP = NO;
				ENABLE_STRICT_OBJC_MSGSEND = YES;
				GCC_C_LANGUAGE_STANDARD = gnu99;
				GCC_DYNAMIC_NO_PIC = NO;
				GCC_OPTIMIZATION_LEVEL = 0;
				GCC_PREPROCESSOR_DEFINITIONS = (
					"DEBUG=1",
					"$(inherited)",
				);
				GCC_SYMBOLS_PRIVATE_EXTERN = NO;
				GCC_WARN_64_TO_32_BIT_CONVERSION = YES;
				GCC_WARN_ABOUT_RETURN_TYPE = YES_ERROR;
				GCC_WARN_UNDECLARED_SELECTOR = YES;
				GCC_WARN_UNINITIALIZED_AUTOS = YES_AGGRESSIVE;
				GCC_WARN_UNUSED_FUNCTION = YES;
				GCC_WARN_UNUSED_VARIABLE = YES;
				IPHONEOS_DEPLOYMENT_TARGET = 8.1;
				MTL_ENABLE_DEBUG_INFO = YES;
				ONLY_ACTIVE_ARCH = YES;
				SDKROOT = iphoneos;
				TARGETED_DEVICE_FAMILY = "1,2";
			};
			name = Debug;
		};
		36704EEF1A529AEE00F49044 /* Release */ = {
			isa = XCBuildConfiguration;
			buildSettings = {
				ALWAYS_SEARCH_USER_PATHS = NO;
				CLANG_CXX_LANGUAGE_STANDARD = "gnu++0x";
				CLANG_CXX_LIBRARY = "libc++";
				CLANG_ENABLE_MODULES = YES;
				CLANG_ENABLE_OBJC_ARC = YES;
				CLANG_WARN_BOOL_CONVERSION = YES;
				CLANG_WARN_CONSTANT_CONVERSION = YES;
				CLANG_WARN_DIRECT_OBJC_ISA_USAGE = YES_ERROR;
				CLANG_WARN_EMPTY_BODY = YES;
				CLANG_WARN_ENUM_CONVERSION = YES;
				CLANG_WARN_INT_CONVERSION = YES;
				CLANG_WARN_OBJC_ROOT_CLASS = YES_ERROR;
				CLANG_WARN_UNREACHABLE_CODE = YES;
				CLANG_WARN__DUPLICATE_METHOD_MATCH = YES;
				"CODE_SIGN_IDENTITY[sdk=iphoneos*]" = "iPhone Developer";
				COPY_PHASE_STRIP = YES;
				ENABLE_NS_ASSERTIONS = NO;
				ENABLE_STRICT_OBJC_MSGSEND = YES;
				GCC_C_LANGUAGE_STANDARD = gnu99;
				GCC_WARN_64_TO_32_BIT_CONVERSION = YES;
				GCC_WARN_ABOUT_RETURN_TYPE = YES_ERROR;
				GCC_WARN_UNDECLARED_SELECTOR = YES;
				GCC_WARN_UNINITIALIZED_AUTOS = YES_AGGRESSIVE;
				GCC_WARN_UNUSED_FUNCTION = YES;
				GCC_WARN_UNUSED_VARIABLE = YES;
				IPHONEOS_DEPLOYMENT_TARGET = 8.1;
				MTL_ENABLE_DEBUG_INFO = NO;
				SDKROOT = iphoneos;
				TARGETED_DEVICE_FAMILY = "1,2";
				VALIDATE_PRODUCT = YES;
			};
			name = Release;
		};
		36704EF11A529AEE00F49044 /* Debug */ = {
			isa = XCBuildConfiguration;
			buildSettings = {
				ASSETCATALOG_COMPILER_APPICON_NAME = AppIcon;
				ASSETCATALOG_COMPILER_LAUNCHIMAGE_NAME = LaunchImage;
				IBSC_FLATTEN_NIBS = NO;
				INFOPLIST_FILE = MLPresentController/Info.plist;
				IPHONEOS_DEPLOYMENT_TARGET = 7.0;
				LD_RUNPATH_SEARCH_PATHS = "$(inherited) @executable_path/Frameworks";
				PRODUCT_NAME = "$(TARGET_NAME)";
				TARGETED_DEVICE_FAMILY = 1;
			};
			name = Debug;
		};
		36704EF21A529AEE00F49044 /* Release */ = {
			isa = XCBuildConfiguration;
			buildSettings = {
				ASSETCATALOG_COMPILER_APPICON_NAME = AppIcon;
				ASSETCATALOG_COMPILER_LAUNCHIMAGE_NAME = LaunchImage;
				IBSC_FLATTEN_NIBS = NO;
				INFOPLIST_FILE = MLPresentController/Info.plist;
				IPHONEOS_DEPLOYMENT_TARGET = 7.0;
				LD_RUNPATH_SEARCH_PATHS = "$(inherited) @executable_path/Frameworks";
				PRODUCT_NAME = "$(TARGET_NAME)";
				TARGETED_DEVICE_FAMILY = 1;
			};
			name = Release;
		};
		36704EF41A529AEE00F49044 /* Debug */ = {
			isa = XCBuildConfiguration;
			buildSettings = {
				BUNDLE_LOADER = "$(TEST_HOST)";
				FRAMEWORK_SEARCH_PATHS = (
					"$(SDKROOT)/Developer/Library/Frameworks",
					"$(inherited)",
				);
				GCC_PREPROCESSOR_DEFINITIONS = (
					"DEBUG=1",
					"$(inherited)",
				);
				INFOPLIST_FILE = MLPresentControllerTests/Info.plist;
				LD_RUNPATH_SEARCH_PATHS = "$(inherited) @executable_path/Frameworks @loader_path/Frameworks";
				PRODUCT_NAME = "$(TARGET_NAME)";
				TEST_HOST = "$(BUILT_PRODUCTS_DIR)/MLPresentController.app/MLPresentController";
			};
			name = Debug;
		};
		36704EF51A529AEE00F49044 /* Release */ = {
			isa = XCBuildConfiguration;
			buildSettings = {
				BUNDLE_LOADER = "$(TEST_HOST)";
				FRAMEWORK_SEARCH_PATHS = (
					"$(SDKROOT)/Developer/Library/Frameworks",
					"$(inherited)",
				);
				INFOPLIST_FILE = MLPresentControllerTests/Info.plist;
				LD_RUNPATH_SEARCH_PATHS = "$(inherited) @executable_path/Frameworks @loader_path/Frameworks";
				PRODUCT_NAME = "$(TARGET_NAME)";
				TEST_HOST = "$(BUILT_PRODUCTS_DIR)/MLPresentController.app/MLPresentController";
			};
			name = Release;
		};
/* End XCBuildConfiguration section */

/* Begin XCConfigurationList section */
		36704EC81A529AEE00F49044 /* Build configuration list for PBXProject "MLPresentController" */ = {
			isa = XCConfigurationList;
			buildConfigurations = (
				36704EEE1A529AEE00F49044 /* Debug */,
				36704EEF1A529AEE00F49044 /* Release */,
			);
			defaultConfigurationIsVisible = 0;
			defaultConfigurationName = Release;
		};
		36704EF01A529AEE00F49044 /* Build configuration list for PBXNativeTarget "MLPresentController" */ = {
			isa = XCConfigurationList;
			buildConfigurations = (
				36704EF11A529AEE00F49044 /* Debug */,
				36704EF21A529AEE00F49044 /* Release */,
			);
			defaultConfigurationIsVisible = 0;
			defaultConfigurationName = Release;
		};
		36704EF31A529AEE00F49044 /* Build configuration list for PBXNativeTarget "MLPresentControllerTests" */ = {
			isa = XCConfigurationList;
			buildConfigurations = (
				36704EF41A529AEE00F49044 /* Debug */,
				36704EF51A529AEE00F49044 /* Release */,
			);
			defaultConfigurationIsVisible = 0;
			defaultConfigurationName = Release;
		};
/* End XCConfigurationList section */
	};
	rootObject = 36704EC51A529AEE00F49044 /* Project object */;
}
